// !$*UTF8*$!
{
	archiveVersion = 1;
	classes = {
	};
	objectVersion = 46;
	objects = {

/* Begin PBXBuildFile section */
		ED552279149B629D00A68B9E /* Foundation.framework in Frameworks */ = {isa = PBXBuildFile; fileRef = EDAFD08B1498CE60004B9E78 /* Foundation.framework */; };
		ED55227A149B629D00A68B9E /* UIKit.framework in Frameworks */ = {isa = PBXBuildFile; fileRef = EDAFD08D1498CE60004B9E78 /* UIKit.framework */; };
		ED55227B149B629D00A68B9E /* CoreGraphics.framework in Frameworks */ = {isa = PBXBuildFile; fileRef = EDAFD08F1498CE60004B9E78 /* CoreGraphics.framework */; };
		ED55227C149B629D00A68B9E /* AddressBook.framework in Frameworks */ = {isa = PBXBuildFile; fileRef = EDAFD0911498CE60004B9E78 /* AddressBook.framework */; };
		ED55227D149B629D00A68B9E /* AddressBookUI.framework in Frameworks */ = {isa = PBXBuildFile; fileRef = EDAFD0931498CE60004B9E78 /* AddressBookUI.framework */; };
		ED55227E149B629D00A68B9E /* AudioToolbox.framework in Frameworks */ = {isa = PBXBuildFile; fileRef = EDAFD0951498CE60004B9E78 /* AudioToolbox.framework */; };
		ED55227F149B629D00A68B9E /* AVFoundation.framework in Frameworks */ = {isa = PBXBuildFile; fileRef = EDAFD0971498CE60004B9E78 /* AVFoundation.framework */; };
		ED552280149B629D00A68B9E /* CoreLocation.framework in Frameworks */ = {isa = PBXBuildFile; fileRef = EDAFD0991498CE60004B9E78 /* CoreLocation.framework */; };
		ED552281149B629D00A68B9E /* MediaPlayer.framework in Frameworks */ = {isa = PBXBuildFile; fileRef = EDAFD09B1498CE60004B9E78 /* MediaPlayer.framework */; };
		ED552282149B629D00A68B9E /* QuartzCore.framework in Frameworks */ = {isa = PBXBuildFile; fileRef = EDAFD09D1498CE60004B9E78 /* QuartzCore.framework */; };
		ED552283149B629D00A68B9E /* SystemConfiguration.framework in Frameworks */ = {isa = PBXBuildFile; fileRef = EDAFD09F1498CE60004B9E78 /* SystemConfiguration.framework */; };
		ED552284149B629D00A68B9E /* MobileCoreServices.framework in Frameworks */ = {isa = PBXBuildFile; fileRef = EDAFD0A11498CE60004B9E78 /* MobileCoreServices.framework */; };
		ED552285149B629D00A68B9E /* CoreMedia.framework in Frameworks */ = {isa = PBXBuildFile; fileRef = EDAFD0A31498CE60004B9E78 /* CoreMedia.framework */; };
		ED55228B149B629D00A68B9E /* InfoPlist.strings in Resources */ = {isa = PBXBuildFile; fileRef = ED552289149B629D00A68B9E /* InfoPlist.strings */; };
		ED55228D149B629D00A68B9E /* main.m in Sources */ = {isa = PBXBuildFile; fileRef = ED55228C149B629D00A68B9E /* main.m */; };
		ED552290149B629D00A68B9E /* PhoneGap.framework in Frameworks */ = {isa = PBXBuildFile; fileRef = ED55228F149B629D00A68B9E /* PhoneGap.framework */; };
		ED552295149B629D00A68B9E /* Localizable.strings in Resources */ = {isa = PBXBuildFile; fileRef = ED552293149B629D00A68B9E /* Localizable.strings */; };
		ED552299149B629D00A68B9E /* Localizable.strings in Resources */ = {isa = PBXBuildFile; fileRef = ED552297149B629D00A68B9E /* Localizable.strings */; };
		ED55229B149B629D00A68B9E /* PhoneGap.plist in Resources */ = {isa = PBXBuildFile; fileRef = ED55229A149B629D00A68B9E /* PhoneGap.plist */; };
		ED55229F149B629D00A68B9E /* AppDelegate.m in Sources */ = {isa = PBXBuildFile; fileRef = ED55229E149B629D00A68B9E /* AppDelegate.m */; };
		ED5522A6149B645900A68B9E /* SAiOSKeychainPlugin.m in Sources */ = {isa = PBXBuildFile; fileRef = EDAFD10A149931F6004B9E78 /* SAiOSKeychainPlugin.m */; };
		ED5522A7149B645E00A68B9E /* ChildBrowserCommand.m in Sources */ = {isa = PBXBuildFile; fileRef = EDAFD0DA1498CEF9004B9E78 /* ChildBrowserCommand.m */; };
		ED5522A8149B646300A68B9E /* ChildBrowserViewController.m in Sources */ = {isa = PBXBuildFile; fileRef = EDAFD0DC1498CEF9004B9E78 /* ChildBrowserViewController.m */; };
		ED5522A9149B648F00A68B9E /* Security.framework in Frameworks */ = {isa = PBXBuildFile; fileRef = EDAFD1301499326E004B9E78 /* Security.framework */; };
/* End PBXBuildFile section */

/* Begin PBXFileReference section */
		ED552277149B629D00A68B9E /* FoundSound.app */ = {isa = PBXFileReference; explicitFileType = wrapper.application; includeInIndex = 0; path = FoundSound.app; sourceTree = BUILT_PRODUCTS_DIR; };
		ED552288149B629D00A68B9E /* FoundSound-Info.plist */ = {isa = PBXFileReference; lastKnownFileType = text.plist.xml; path = "FoundSound-Info.plist"; sourceTree = "<group>"; };
		ED55228A149B629D00A68B9E /* en */ = {isa = PBXFileReference; lastKnownFileType = text.plist.strings; name = en; path = en.lproj/InfoPlist.strings; sourceTree = "<group>"; };
		ED55228C149B629D00A68B9E /* main.m */ = {isa = PBXFileReference; lastKnownFileType = sourcecode.c.objc; path = main.m; sourceTree = "<group>"; };
		ED55228E149B629D00A68B9E /* FoundSound-Prefix.pch */ = {isa = PBXFileReference; lastKnownFileType = sourcecode.c.h; path = "FoundSound-Prefix.pch"; sourceTree = "<group>"; };
		ED55228F149B629D00A68B9E /* PhoneGap.framework */ = {isa = PBXFileReference; lastKnownFileType = wrapper.framework; name = PhoneGap.framework; path = /Users/Shared/PhoneGap/Frameworks/PhoneGap.framework; sourceTree = "<absolute>"; };
		ED552294149B629D00A68B9E /* en */ = {isa = PBXFileReference; lastKnownFileType = text.plist.strings; name = en; path = Resources/en.lproj/Localizable.strings; sourceTree = "<group>"; };
		ED552298149B629D00A68B9E /* es */ = {isa = PBXFileReference; lastKnownFileType = text.plist.strings; name = es; path = Resources/es.lproj/Localizable.strings; sourceTree = "<group>"; };
		ED55229A149B629D00A68B9E /* PhoneGap.plist */ = {isa = PBXFileReference; lastKnownFileType = text.plist.xml; path = PhoneGap.plist; sourceTree = "<group>"; };
		ED55229D149B629D00A68B9E /* AppDelegate.h */ = {isa = PBXFileReference; lastKnownFileType = sourcecode.c.h; name = AppDelegate.h; path = Classes/AppDelegate.h; sourceTree = "<group>"; };
		ED55229E149B629D00A68B9E /* AppDelegate.m */ = {isa = PBXFileReference; lastKnownFileType = sourcecode.c.objc; name = AppDelegate.m; path = Classes/AppDelegate.m; sourceTree = "<group>"; };
		ED5522A1149B629D00A68B9E /* README */ = {isa = PBXFileReference; lastKnownFileType = text; name = README; path = Plugins/README; sourceTree = "<group>"; };
		EDAFD08B1498CE60004B9E78 /* Foundation.framework */ = {isa = PBXFileReference; lastKnownFileType = wrapper.framework; name = Foundation.framework; path = System/Library/Frameworks/Foundation.framework; sourceTree = SDKROOT; };
		EDAFD08D1498CE60004B9E78 /* UIKit.framework */ = {isa = PBXFileReference; lastKnownFileType = wrapper.framework; name = UIKit.framework; path = System/Library/Frameworks/UIKit.framework; sourceTree = SDKROOT; };
		EDAFD08F1498CE60004B9E78 /* CoreGraphics.framework */ = {isa = PBXFileReference; lastKnownFileType = wrapper.framework; name = CoreGraphics.framework; path = System/Library/Frameworks/CoreGraphics.framework; sourceTree = SDKROOT; };
		EDAFD0911498CE60004B9E78 /* AddressBook.framework */ = {isa = PBXFileReference; lastKnownFileType = wrapper.framework; name = AddressBook.framework; path = System/Library/Frameworks/AddressBook.framework; sourceTree = SDKROOT; };
		EDAFD0931498CE60004B9E78 /* AddressBookUI.framework */ = {isa = PBXFileReference; lastKnownFileType = wrapper.framework; name = AddressBookUI.framework; path = System/Library/Frameworks/AddressBookUI.framework; sourceTree = SDKROOT; };
		EDAFD0951498CE60004B9E78 /* AudioToolbox.framework */ = {isa = PBXFileReference; lastKnownFileType = wrapper.framework; name = AudioToolbox.framework; path = System/Library/Frameworks/AudioToolbox.framework; sourceTree = SDKROOT; };
		EDAFD0971498CE60004B9E78 /* AVFoundation.framework */ = {isa = PBXFileReference; lastKnownFileType = wrapper.framework; name = AVFoundation.framework; path = System/Library/Frameworks/AVFoundation.framework; sourceTree = SDKROOT; };
		EDAFD0991498CE60004B9E78 /* CoreLocation.framework */ = {isa = PBXFileReference; lastKnownFileType = wrapper.framework; name = CoreLocation.framework; path = System/Library/Frameworks/CoreLocation.framework; sourceTree = SDKROOT; };
		EDAFD09B1498CE60004B9E78 /* MediaPlayer.framework */ = {isa = PBXFileReference; lastKnownFileType = wrapper.framework; name = MediaPlayer.framework; path = System/Library/Frameworks/MediaPlayer.framework; sourceTree = SDKROOT; };
		EDAFD09D1498CE60004B9E78 /* QuartzCore.framework */ = {isa = PBXFileReference; lastKnownFileType = wrapper.framework; name = QuartzCore.framework; path = System/Library/Frameworks/QuartzCore.framework; sourceTree = SDKROOT; };
		EDAFD09F1498CE60004B9E78 /* SystemConfiguration.framework */ = {isa = PBXFileReference; lastKnownFileType = wrapper.framework; name = SystemConfiguration.framework; path = System/Library/Frameworks/SystemConfiguration.framework; sourceTree = SDKROOT; };
		EDAFD0A11498CE60004B9E78 /* MobileCoreServices.framework */ = {isa = PBXFileReference; lastKnownFileType = wrapper.framework; name = MobileCoreServices.framework; path = System/Library/Frameworks/MobileCoreServices.framework; sourceTree = SDKROOT; };
		EDAFD0A31498CE60004B9E78 /* CoreMedia.framework */ = {isa = PBXFileReference; lastKnownFileType = wrapper.framework; name = CoreMedia.framework; path = System/Library/Frameworks/CoreMedia.framework; sourceTree = SDKROOT; };
		EDAFD0A71498CE60004B9E78 /* FoundSound-Info.plist */ = {isa = PBXFileReference; lastKnownFileType = text.plist.xml; path = "FoundSound-Info.plist"; sourceTree = "<group>"; };
		EDAFD0A91498CE60004B9E78 /* en */ = {isa = PBXFileReference; lastKnownFileType = text.plist.strings; name = en; path = en.lproj/InfoPlist.strings; sourceTree = "<group>"; };
		EDAFD0AB1498CE60004B9E78 /* main.m */ = {isa = PBXFileReference; lastKnownFileType = sourcecode.c.objc; path = main.m; sourceTree = "<group>"; };
		EDAFD0AD1498CE60004B9E78 /* FoundSound-Prefix.pch */ = {isa = PBXFileReference; lastKnownFileType = sourcecode.c.h; path = "FoundSound-Prefix.pch"; sourceTree = "<group>"; };
		EDAFD0AE1498CE60004B9E78 /* PhoneGap.framework */ = {isa = PBXFileReference; lastKnownFileType = wrapper.framework; name = PhoneGap.framework; path = /Users/Shared/PhoneGap/Frameworks/PhoneGap.framework; sourceTree = "<absolute>"; };
		EDAFD0B31498CE60004B9E78 /* en */ = {isa = PBXFileReference; lastKnownFileType = text.plist.strings; name = en; path = Resources/en.lproj/Localizable.strings; sourceTree = "<group>"; };
		EDAFD0B71498CE60004B9E78 /* es */ = {isa = PBXFileReference; lastKnownFileType = text.plist.strings; name = es; path = Resources/es.lproj/Localizable.strings; sourceTree = "<group>"; };
		EDAFD0BA1498CE60004B9E78 /* icon.png */ = {isa = PBXFileReference; lastKnownFileType = image.png; name = icon.png; path = Resources/icons/icon.png; sourceTree = "<group>"; };
		EDAFD0BC1498CE60004B9E78 /* icon@2x.png */ = {isa = PBXFileReference; lastKnownFileType = image.png; name = "icon@2x.png"; path = "Resources/icons/icon@2x.png"; sourceTree = "<group>"; };
		EDAFD0BE1498CE60004B9E78 /* icon-72.png */ = {isa = PBXFileReference; lastKnownFileType = image.png; name = "icon-72.png"; path = "Resources/icons/icon-72.png"; sourceTree = "<group>"; };
		EDAFD0C11498CE60004B9E78 /* Default.png */ = {isa = PBXFileReference; lastKnownFileType = image.png; name = Default.png; path = Resources/splash/Default.png; sourceTree = "<group>"; };
		EDAFD0C31498CE60004B9E78 /* Default@2x.png */ = {isa = PBXFileReference; lastKnownFileType = image.png; name = "Default@2x.png"; path = "Resources/splash/Default@2x.png"; sourceTree = "<group>"; };
		EDAFD0C51498CE60004B9E78 /* Capture.bundle */ = {isa = PBXFileReference; lastKnownFileType = "wrapper.plug-in"; name = Capture.bundle; path = Resources/Capture.bundle; sourceTree = "<group>"; };
		EDAFD0C71498CE60004B9E78 /* PhoneGap.plist */ = {isa = PBXFileReference; lastKnownFileType = text.plist.xml; path = PhoneGap.plist; sourceTree = "<group>"; };
		EDAFD0CA1498CE60004B9E78 /* AppDelegate.h */ = {isa = PBXFileReference; lastKnownFileType = sourcecode.c.h; name = AppDelegate.h; path = Classes/AppDelegate.h; sourceTree = "<group>"; };
		EDAFD0CB1498CE60004B9E78 /* AppDelegate.m */ = {isa = PBXFileReference; lastKnownFileType = sourcecode.c.objc; name = AppDelegate.m; path = Classes/AppDelegate.m; sourceTree = "<group>"; };
		EDAFD0CE1498CE60004B9E78 /* README */ = {isa = PBXFileReference; lastKnownFileType = text; name = README; path = Plugins/README; sourceTree = "<group>"; };
		EDAFD0D41498CECF004B9E78 /* www */ = {isa = PBXFileReference; lastKnownFileType = folder; path = www; sourceTree = "<group>"; };
		EDAFD0D71498CEF9004B9E78 /* ChildBrowser.bundle */ = {isa = PBXFileReference; lastKnownFileType = "wrapper.plug-in"; path = ChildBrowser.bundle; sourceTree = "<group>"; };
		EDAFD0D91498CEF9004B9E78 /* ChildBrowserCommand.h */ = {isa = PBXFileReference; fileEncoding = 4; lastKnownFileType = sourcecode.c.h; path = ChildBrowserCommand.h; sourceTree = "<group>"; };
		EDAFD0DA1498CEF9004B9E78 /* ChildBrowserCommand.m */ = {isa = PBXFileReference; fileEncoding = 4; lastKnownFileType = sourcecode.c.objc; path = ChildBrowserCommand.m; sourceTree = "<group>"; };
		EDAFD0DB1498CEF9004B9E78 /* ChildBrowserViewController.h */ = {isa = PBXFileReference; fileEncoding = 4; lastKnownFileType = sourcecode.c.h; path = ChildBrowserViewController.h; sourceTree = "<group>"; };
		EDAFD0DC1498CEF9004B9E78 /* ChildBrowserViewController.m */ = {isa = PBXFileReference; fileEncoding = 4; lastKnownFileType = sourcecode.c.objc; path = ChildBrowserViewController.m; sourceTree = "<group>"; };
		EDAFD0DD1498CEF9004B9E78 /* ChildBrowserViewController.xib */ = {isa = PBXFileReference; fileEncoding = 4; lastKnownFileType = file.xib; path = ChildBrowserViewController.xib; sourceTree = "<group>"; };
		EDAFD108149931F6004B9E78 /* SAiOSKeychainPlugin.h */ = {isa = PBXFileReference; fileEncoding = 4; lastKnownFileType = sourcecode.c.h; path = SAiOSKeychainPlugin.h; sourceTree = "<group>"; };
		EDAFD10A149931F6004B9E78 /* SAiOSKeychainPlugin.m */ = {isa = PBXFileReference; fileEncoding = 4; lastKnownFileType = sourcecode.c.objc; path = SAiOSKeychainPlugin.m; sourceTree = "<group>"; };
		EDAFD1301499326E004B9E78 /* Security.framework */ = {isa = PBXFileReference; lastKnownFileType = wrapper.framework; name = Security.framework; path = System/Library/Frameworks/Security.framework; sourceTree = SDKROOT; };
/* End PBXFileReference section */

/* Begin PBXFrameworksBuildPhase section */
		ED552271149B629D00A68B9E /* Frameworks */ = {
			isa = PBXFrameworksBuildPhase;
			buildActionMask = 2147483647;
			files = (
				ED552279149B629D00A68B9E /* Foundation.framework in Frameworks */,
				ED55227A149B629D00A68B9E /* UIKit.framework in Frameworks */,
				ED55227B149B629D00A68B9E /* CoreGraphics.framework in Frameworks */,
				ED55227C149B629D00A68B9E /* AddressBook.framework in Frameworks */,
				ED55227D149B629D00A68B9E /* AddressBookUI.framework in Frameworks */,
				ED55227E149B629D00A68B9E /* AudioToolbox.framework in Frameworks */,
				ED55227F149B629D00A68B9E /* AVFoundation.framework in Frameworks */,
				ED552280149B629D00A68B9E /* CoreLocation.framework in Frameworks */,
				ED552281149B629D00A68B9E /* MediaPlayer.framework in Frameworks */,
				ED552282149B629D00A68B9E /* QuartzCore.framework in Frameworks */,
				ED552283149B629D00A68B9E /* SystemConfiguration.framework in Frameworks */,
				ED552284149B629D00A68B9E /* MobileCoreServices.framework in Frameworks */,
				ED552285149B629D00A68B9E /* CoreMedia.framework in Frameworks */,
				ED552290149B629D00A68B9E /* PhoneGap.framework in Frameworks */,
				ED5522A9149B648F00A68B9E /* Security.framework in Frameworks */,
			);
			runOnlyForDeploymentPostprocessing = 0;
		};
		ED552274149B629D00A68B9E /* Frameworks */ = {
			isa = PBXFrameworksBuildPhase;
			buildActionMask = 2147483647;
			files = (
			);
			runOnlyForDeploymentPostprocessing = 0;
		};
/* End PBXFrameworksBuildPhase section */

/* Begin PBXGroup section */
		ED552286149B629D00A68B9E /* FoundSound */ = {
			isa = PBXGroup;
			children = (
				ED55228F149B629D00A68B9E /* PhoneGap.framework */,
				ED552291149B629D00A68B9E /* Resources */,
				ED55229C149B629D00A68B9E /* Classes */,
				ED5522A0149B629D00A68B9E /* Plugins */,
				ED552287149B629D00A68B9E /* Supporting Files */,
			);
			path = FoundSound;
			sourceTree = "<group>";
		};
		ED552287149B629D00A68B9E /* Supporting Files */ = {
			isa = PBXGroup;
			children = (
				ED552288149B629D00A68B9E /* FoundSound-Info.plist */,
				ED552289149B629D00A68B9E /* InfoPlist.strings */,
				ED55228C149B629D00A68B9E /* main.m */,
				ED55228E149B629D00A68B9E /* FoundSound-Prefix.pch */,
				ED55229A149B629D00A68B9E /* PhoneGap.plist */,
			);
			name = "Supporting Files";
			sourceTree = "<group>";
		};
		ED552291149B629D00A68B9E /* Resources */ = {
			isa = PBXGroup;
			children = (
				ED552292149B629D00A68B9E /* en.lproj */,
				ED552296149B629D00A68B9E /* es.lproj */,
			);
			name = Resources;
			sourceTree = "<group>";
		};
		ED552292149B629D00A68B9E /* en.lproj */ = {
			isa = PBXGroup;
			children = (
				ED552293149B629D00A68B9E /* Localizable.strings */,
			);
			name = en.lproj;
			sourceTree = "<group>";
		};
		ED552296149B629D00A68B9E /* es.lproj */ = {
			isa = PBXGroup;
			children = (
				ED552297149B629D00A68B9E /* Localizable.strings */,
			);
			name = es.lproj;
			sourceTree = "<group>";
		};
		ED55229C149B629D00A68B9E /* Classes */ = {
			isa = PBXGroup;
			children = (
				ED55229D149B629D00A68B9E /* AppDelegate.h */,
				ED55229E149B629D00A68B9E /* AppDelegate.m */,
			);
			name = Classes;
			sourceTree = "<group>";
		};
		ED5522A0149B629D00A68B9E /* Plugins */ = {
			isa = PBXGroup;
			children = (
				ED5522A1149B629D00A68B9E /* README */,
			);
			name = Plugins;
			sourceTree = "<group>";
		};
		EDAFD0791498CE5F004B9E78 = {
			isa = PBXGroup;
			children = (
				EDAFD0D41498CECF004B9E78 /* www */,
				EDAFD0A51498CE60004B9E78 /* FoundSound */,
				ED552286149B629D00A68B9E /* FoundSound */,
				EDAFD08A1498CE60004B9E78 /* Frameworks */,
				EDAFD0881498CE60004B9E78 /* Products */,
			);
			sourceTree = "<group>";
		};
		EDAFD0881498CE60004B9E78 /* Products */ = {
			isa = PBXGroup;
			children = (
				ED552277149B629D00A68B9E /* FoundSound.app */,
			);
			name = Products;
			sourceTree = "<group>";
		};
		EDAFD08A1498CE60004B9E78 /* Frameworks */ = {
			isa = PBXGroup;
			children = (
				EDAFD1301499326E004B9E78 /* Security.framework */,
				EDAFD08B1498CE60004B9E78 /* Foundation.framework */,
				EDAFD08D1498CE60004B9E78 /* UIKit.framework */,
				EDAFD08F1498CE60004B9E78 /* CoreGraphics.framework */,
				EDAFD0911498CE60004B9E78 /* AddressBook.framework */,
				EDAFD0931498CE60004B9E78 /* AddressBookUI.framework */,
				EDAFD0951498CE60004B9E78 /* AudioToolbox.framework */,
				EDAFD0971498CE60004B9E78 /* AVFoundation.framework */,
				EDAFD0991498CE60004B9E78 /* CoreLocation.framework */,
				EDAFD09B1498CE60004B9E78 /* MediaPlayer.framework */,
				EDAFD09D1498CE60004B9E78 /* QuartzCore.framework */,
				EDAFD09F1498CE60004B9E78 /* SystemConfiguration.framework */,
				EDAFD0A11498CE60004B9E78 /* MobileCoreServices.framework */,
				EDAFD0A31498CE60004B9E78 /* CoreMedia.framework */,
			);
			name = Frameworks;
			sourceTree = "<group>";
		};
		EDAFD0A51498CE60004B9E78 /* FoundSound */ = {
			isa = PBXGroup;
			children = (
				EDAFD0AE1498CE60004B9E78 /* PhoneGap.framework */,
				EDAFD0B01498CE60004B9E78 /* Resources */,
				EDAFD0C91498CE60004B9E78 /* Classes */,
				EDAFD0CD1498CE60004B9E78 /* Plugins */,
				EDAFD0A61498CE60004B9E78 /* Supporting Files */,
			);
			path = FoundSound;
			sourceTree = "<group>";
		};
		EDAFD0A61498CE60004B9E78 /* Supporting Files */ = {
			isa = PBXGroup;
			children = (
				EDAFD0A71498CE60004B9E78 /* FoundSound-Info.plist */,
				EDAFD0A81498CE60004B9E78 /* InfoPlist.strings */,
				EDAFD0AB1498CE60004B9E78 /* main.m */,
				EDAFD0AD1498CE60004B9E78 /* FoundSound-Prefix.pch */,
				EDAFD0C71498CE60004B9E78 /* PhoneGap.plist */,
			);
			name = "Supporting Files";
			sourceTree = "<group>";
		};
		EDAFD0B01498CE60004B9E78 /* Resources */ = {
			isa = PBXGroup;
			children = (
				EDAFD0C51498CE60004B9E78 /* Capture.bundle */,
				EDAFD0B11498CE60004B9E78 /* en.lproj */,
				EDAFD0B51498CE60004B9E78 /* es.lproj */,
				EDAFD0B91498CE60004B9E78 /* icons */,
				EDAFD0C01498CE60004B9E78 /* splash */,
			);
			name = Resources;
			sourceTree = "<group>";
		};
		EDAFD0B11498CE60004B9E78 /* en.lproj */ = {
			isa = PBXGroup;
			children = (
				EDAFD0B21498CE60004B9E78 /* Localizable.strings */,
			);
			name = en.lproj;
			sourceTree = "<group>";
		};
		EDAFD0B51498CE60004B9E78 /* es.lproj */ = {
			isa = PBXGroup;
			children = (
				EDAFD0B61498CE60004B9E78 /* Localizable.strings */,
			);
			name = es.lproj;
			sourceTree = "<group>";
		};
		EDAFD0B91498CE60004B9E78 /* icons */ = {
			isa = PBXGroup;
			children = (
				EDAFD0BA1498CE60004B9E78 /* icon.png */,
				EDAFD0BC1498CE60004B9E78 /* icon@2x.png */,
				EDAFD0BE1498CE60004B9E78 /* icon-72.png */,
			);
			name = icons;
			sourceTree = "<group>";
		};
		EDAFD0C01498CE60004B9E78 /* splash */ = {
			isa = PBXGroup;
			children = (
				EDAFD0C11498CE60004B9E78 /* Default.png */,
				EDAFD0C31498CE60004B9E78 /* Default@2x.png */,
			);
			name = splash;
			sourceTree = "<group>";
		};
		EDAFD0C91498CE60004B9E78 /* Classes */ = {
			isa = PBXGroup;
			children = (
				EDAFD0CA1498CE60004B9E78 /* AppDelegate.h */,
				EDAFD0CB1498CE60004B9E78 /* AppDelegate.m */,
			);
			name = Classes;
			sourceTree = "<group>";
		};
		EDAFD0CD1498CE60004B9E78 /* Plugins */ = {
			isa = PBXGroup;
			children = (
				EDAFD0EE149931F6004B9E78 /* Keychain */,
				EDAFD0D61498CEF9004B9E78 /* ChildBrowser */,
				EDAFD0CE1498CE60004B9E78 /* README */,
			);
			name = Plugins;
			sourceTree = "<group>";
		};
		EDAFD0D61498CEF9004B9E78 /* ChildBrowser */ = {
			isa = PBXGroup;
			children = (
				EDAFD0D71498CEF9004B9E78 /* ChildBrowser.bundle */,
				EDAFD0D91498CEF9004B9E78 /* ChildBrowserCommand.h */,
				EDAFD0DA1498CEF9004B9E78 /* ChildBrowserCommand.m */,
				EDAFD0DB1498CEF9004B9E78 /* ChildBrowserViewController.h */,
				EDAFD0DC1498CEF9004B9E78 /* ChildBrowserViewController.m */,
				EDAFD0DD1498CEF9004B9E78 /* ChildBrowserViewController.xib */,
			);
			path = ChildBrowser;
			sourceTree = "<group>";
		};
		EDAFD0EE149931F6004B9E78 /* Keychain */ = {
			isa = PBXGroup;
			children = (
				EDAFD108149931F6004B9E78 /* SAiOSKeychainPlugin.h */,
				EDAFD10A149931F6004B9E78 /* SAiOSKeychainPlugin.m */,
			);
			path = Keychain;
			sourceTree = "<group>";
		};
/* End PBXGroup section */

/* Begin PBXNativeTarget section */
		ED552276149B629D00A68B9E /* FoundSound */ = {
			isa = PBXNativeTarget;
			buildConfigurationList = ED5522A2149B629D00A68B9E /* Build configuration list for PBXNativeTarget "FoundSound" */;
			buildPhases = (
				ED552270149B629D00A68B9E /* Sources */,
				ED552271149B629D00A68B9E /* Frameworks */,
				ED552272149B629D00A68B9E /* Resources */,
				ED552273149B629D00A68B9E /* Sources */,
				ED552274149B629D00A68B9E /* Frameworks */,
				ED552275149B629D00A68B9E /* ShellScript */,
			);
			buildRules = (
			);
			dependencies = (
			);
			name = FoundSound;
			productName = FoundSound;
			productReference = ED552277149B629D00A68B9E /* FoundSound.app */;
			productType = "com.apple.product-type.application";
		};
/* End PBXNativeTarget section */

/* Begin PBXProject section */
		EDAFD07B1498CE5F004B9E78 /* Project object */ = {
			isa = PBXProject;
			attributes = {
				LastUpgradeCheck = 0420;
			};
			buildConfigurationList = EDAFD07E1498CE5F004B9E78 /* Build configuration list for PBXProject "FoundSound" */;
			compatibilityVersion = "Xcode 3.2";
			developmentRegion = English;
			hasScannedForEncodings = 0;
			knownRegions = (
				en,
				es,
			);
			mainGroup = EDAFD0791498CE5F004B9E78;
			productRefGroup = EDAFD0881498CE60004B9E78 /* Products */;
			projectDirPath = "";
			projectRoot = "";
			targets = (
				ED552276149B629D00A68B9E /* FoundSound */,
			);
		};
/* End PBXProject section */

/* Begin PBXResourcesBuildPhase section */
		ED552272149B629D00A68B9E /* Resources */ = {
			isa = PBXResourcesBuildPhase;
			buildActionMask = 2147483647;
			files = (
				ED55228B149B629D00A68B9E /* InfoPlist.strings in Resources */,
				ED552295149B629D00A68B9E /* Localizable.strings in Resources */,
				ED552299149B629D00A68B9E /* Localizable.strings in Resources */,
				ED55229B149B629D00A68B9E /* PhoneGap.plist in Resources */,
			);
			runOnlyForDeploymentPostprocessing = 0;
		};
/* End PBXResourcesBuildPhase section */

/* Begin PBXShellScriptBuildPhase section */
		ED552275149B629D00A68B9E /* ShellScript */ = {
			isa = PBXShellScriptBuildPhase;
			buildActionMask = 2147483647;
			files = (
			);
			inputPaths = (
			);
			outputPaths = (
			);
			runOnlyForDeploymentPostprocessing = 0;
			shellPath = /bin/bash;
			shellScript = "\n\t\t\t\t\t\t\t\tif [ ! -d \"$PROJECT_DIR/www\" ] ; then\n\t\t\t\t\t\t\t\t\tcp -R /Users/Shared/PhoneGap/Frameworks/PhoneGap.framework/www \"$PROJECT_DIR\"\n\t\t\t\t\t\t\t\tfi\n\t\t\t\t\t\t\t\t# detect www folder reference in project, if missing, print warning\n\t\t\t\t\t\t\t\tgrep \"{isa = PBXFileReference; lastKnownFileType = folder; path = www; sourceTree = \\\"<group>\\\"; };\" \"$PROJECT_DIR/$PROJECT_NAME.xcodeproj/project.pbxproj\"\n\t\t\t\t\t\t\t\trc=$? \n\t\t\t\t\t\t\t\tif [ $rc != 0 ] ; then\n\t\t\t\t\t\t\t\techo -e \"warning: Missing - Add $PROJECT_DIR/www as a folder reference in your project. Just drag and drop the folder into your project, into the Project Navigator of Xcode 4. Make sure you select the second radio-button: 'Create folder references for any added folders' (which will create a blue folder)\" 1>&2\n\t\t\t\t\t\t\t\tfi\t\t\t\t\t\t\t";
		};
/* End PBXShellScriptBuildPhase section */

/* Begin PBXSourcesBuildPhase section */
		ED552270149B629D00A68B9E /* Sources */ = {
			isa = PBXSourcesBuildPhase;
			buildActionMask = 2147483647;
			files = (
				ED55228D149B629D00A68B9E /* main.m in Sources */,
				ED55229F149B629D00A68B9E /* AppDelegate.m in Sources */,
				ED5522A6149B645900A68B9E /* SAiOSKeychainPlugin.m in Sources */,
				ED5522A7149B645E00A68B9E /* ChildBrowserCommand.m in Sources */,
				ED5522A8149B646300A68B9E /* ChildBrowserViewController.m in Sources */,
			);
			runOnlyForDeploymentPostprocessing = 0;
		};
		ED552273149B629D00A68B9E /* Sources */ = {
			isa = PBXSourcesBuildPhase;
			buildActionMask = 2147483647;
			files = (
			);
			runOnlyForDeploymentPostprocessing = 0;
		};
/* End PBXSourcesBuildPhase section */

/* Begin PBXVariantGroup section */
		ED552289149B629D00A68B9E /* InfoPlist.strings */ = {
			isa = PBXVariantGroup;
			children = (
				ED55228A149B629D00A68B9E /* en */,
			);
			name = InfoPlist.strings;
			sourceTree = "<group>";
		};
		ED552293149B629D00A68B9E /* Localizable.strings */ = {
			isa = PBXVariantGroup;
			children = (
				ED552294149B629D00A68B9E /* en */,
			);
			name = Localizable.strings;
			sourceTree = "<group>";
		};
		ED552297149B629D00A68B9E /* Localizable.strings */ = {
			isa = PBXVariantGroup;
			children = (
				ED552298149B629D00A68B9E /* es */,
			);
			name = Localizable.strings;
			sourceTree = "<group>";
		};
		EDAFD0A81498CE60004B9E78 /* InfoPlist.strings */ = {
			isa = PBXVariantGroup;
			children = (
				EDAFD0A91498CE60004B9E78 /* en */,
			);
			name = InfoPlist.strings;
			sourceTree = "<group>";
		};
		EDAFD0B21498CE60004B9E78 /* Localizable.strings */ = {
			isa = PBXVariantGroup;
			children = (
				EDAFD0B31498CE60004B9E78 /* en */,
			);
			name = Localizable.strings;
			sourceTree = "<group>";
		};
		EDAFD0B61498CE60004B9E78 /* Localizable.strings */ = {
			isa = PBXVariantGroup;
			children = (
				EDAFD0B71498CE60004B9E78 /* es */,
			);
			name = Localizable.strings;
			sourceTree = "<group>";
		};
/* End PBXVariantGroup section */

/* Begin XCBuildConfiguration section */
		ED5522A3149B629D00A68B9E /* Debug */ = {
			isa = XCBuildConfiguration;
			buildSettings = {
				ALWAYS_SEARCH_USER_PATHS = YES;
				"CODE_SIGN_IDENTITY[sdk=iphoneos*]" = "iPhone Developer";
				COPY_PHASE_STRIP = NO;
				FRAMEWORK_SEARCH_PATHS = /Users/Shared/PhoneGap/Frameworks;
				GCC_DYNAMIC_NO_PIC = NO;
				GCC_PRECOMPILE_PREFIX_HEADER = YES;
				GCC_PREFIX_HEADER = "FoundSound/FoundSound-Prefix.pch";
				GCC_PREPROCESSOR_DEFINITIONS = "PHONEGAP_FRAMEWORK=YES";
				INFOPLIST_FILE = "FoundSound/FoundSound-Info.plist";
				OTHER_LDFLAGS = (
					"-weak_framework",
					UIKit,
					"-weak_framework",
					AVFoundation,
					"-weak_framework",
					CoreMedia,
					"-weak_library",
					/usr/lib/libSystem.B.dylib,
				);
				PRODUCT_NAME = "$(TARGET_NAME)";
				TARGETED_DEVICE_FAMILY = "1,2";
				WRAPPER_EXTENSION = app;
			};
			name = Debug;
		};
		ED5522A4149B629D00A68B9E /* Release */ = {
			isa = XCBuildConfiguration;
			buildSettings = {
				ALWAYS_SEARCH_USER_PATHS = YES;
				"CODE_SIGN_IDENTITY[sdk=iphoneos*]" = "iPhone Developer";
				COPY_PHASE_STRIP = YES;
				DEBUG_INFORMATION_FORMAT = "dwarf-with-dsym";
				FRAMEWORK_SEARCH_PATHS = /Users/Shared/PhoneGap/Frameworks;
				GCC_PRECOMPILE_PREFIX_HEADER = YES;
				GCC_PREFIX_HEADER = "FoundSound/FoundSound-Prefix.pch";
				GCC_PREPROCESSOR_DEFINITIONS = "PHONEGAP_FRAMEWORK=YES";
				INFOPLIST_FILE = "FoundSound/FoundSound-Info.plist";
				OTHER_LDFLAGS = (
					"-weak_framework",
					UIKit,
					"-weak_framework",
					AVFoundation,
					"-weak_framework",
					CoreMedia,
					"-weak_library",
					/usr/lib/libSystem.B.dylib,
				);
				PRODUCT_NAME = "$(TARGET_NAME)";
				TARGETED_DEVICE_FAMILY = "1,2";
				VALIDATE_PRODUCT = YES;
				WRAPPER_EXTENSION = app;
			};
			name = Release;
		};
		EDAFD0CF1498CE60004B9E78 /* Debug */ = {
			isa = XCBuildConfiguration;
			buildSettings = {
				ALWAYS_SEARCH_USER_PATHS = NO;
				ARCHS = "$(ARCHS_STANDARD_32_BIT)";
				CLANG_ENABLE_OBJC_ARC = YES;
				"CODE_SIGN_IDENTITY[sdk=iphoneos*]" = "iPhone Developer";
				COPY_PHASE_STRIP = NO;
				GCC_C_LANGUAGE_STANDARD = gnu99;
				GCC_DYNAMIC_NO_PIC = NO;
				GCC_OPTIMIZATION_LEVEL = 0;
				GCC_PREPROCESSOR_DEFINITIONS = (
					"DEBUG=1",
					"$(inherited)",
				);
				GCC_SYMBOLS_PRIVATE_EXTERN = NO;
				GCC_VERSION = com.apple.compilers.llvmgcc42;
				GCC_WARN_ABOUT_MISSING_PROTOTYPES = YES;
				GCC_WARN_ABOUT_RETURN_TYPE = YES;
				GCC_WARN_UNUSED_VARIABLE = YES;
				IPHONEOS_DEPLOYMENT_TARGET = 3.0;
				"PROVISIONING_PROFILE[sdk=iphoneos*]" = "";
				SDKROOT = iphoneos;
			};
			name = Debug;
		};
		EDAFD0D01498CE60004B9E78 /* Release */ = {
			isa = XCBuildConfiguration;
			buildSettings = {
				ALWAYS_SEARCH_USER_PATHS = NO;
				ARCHS = "$(ARCHS_STANDARD_32_BIT)";
				CLANG_ENABLE_OBJC_ARC = YES;
				"CODE_SIGN_IDENTITY[sdk=iphoneos*]" = "iPhone Developer";
				COPY_PHASE_STRIP = YES;
				GCC_C_LANGUAGE_STANDARD = gnu99;
				GCC_VERSION = com.apple.compilers.llvmgcc42;
				GCC_WARN_ABOUT_MISSING_PROTOTYPES = YES;
				GCC_WARN_ABOUT_RETURN_TYPE = YES;
				GCC_WARN_UNUSED_VARIABLE = YES;
				IPHONEOS_DEPLOYMENT_TARGET = 3.0;
				"PROVISIONING_PROFILE[sdk=iphoneos*]" = "";
				SDKROOT = iphoneos;
				VALIDATE_PRODUCT = YES;
			};
			name = Release;
		};
/* End XCBuildConfiguration section */

/* Begin XCConfigurationList section */
		ED5522A2149B629D00A68B9E /* Build configuration list for PBXNativeTarget "FoundSound" */ = {
			isa = XCConfigurationList;
			buildConfigurations = (
				ED5522A3149B629D00A68B9E /* Debug */,
				ED5522A4149B629D00A68B9E /* Release */,
			);
			defaultConfigurationIsVisible = 0;
		};
		EDAFD07E1498CE5F004B9E78 /* Build configuration list for PBXProject "FoundSound" */ = {
			isa = XCConfigurationList;
			buildConfigurations = (
				EDAFD0CF1498CE60004B9E78 /* Debug */,
				EDAFD0D01498CE60004B9E78 /* Release */,
			);
			defaultConfigurationIsVisible = 0;
			defaultConfigurationName = Release;
		};
/* End XCConfigurationList section */
	};
	rootObject = EDAFD07B1498CE5F004B9E78 /* Project object */;
}
